
Microsoft Visual Studio Solution File, Format Version 12.00
# Visual Studio Version 17
VisualStudioVersion = 17.3.32819.101
MinimumVisualStudioVersion = 10.0.40219.1
Project("{FAE04EC0-301F-11D3-BF4B-00C04F79EFBC}") = "ReactRandomJokes.Web", "ReactRandomJokes.Web\ReactRandomJokes.Web.csproj", "{1D504D9A-CE8D-4CB7-A6A3-D672E8BE01E3}"
EndProject
Project("{FAE04EC0-301F-11D3-BF4B-00C04F79EFBC}") = "ReactRandomJokes.Data", "ReactRandomJokes.Data\ReactRandomJokes.Data.csproj", "{1489673B-A11A-4FF4-8C1D-040C83512BED}"
EndProject
Global
	GlobalSection(SolutionConfigurationPlatforms) = preSolution
		Debug|Any CPU = Debug|Any CPU
		Release|Any CPU = Release|Any CPU
	EndGlobalSection
	GlobalSection(ProjectConfigurationPlatforms) = postSolution
		{1D504D9A-CE8D-4CB7-A6A3-D672E8BE01E3}.Debug|Any CPU.ActiveCfg = Debug|Any CPU
		{1D504D9A-CE8D-4CB7-A6A3-D672E8BE01E3}.Debug|Any CPU.Build.0 = Debug|Any CPU
		{1D504D9A-CE8D-4CB7-A6A3-D672E8BE01E3}.Release|Any CPU.ActiveCfg = Release|Any CPU
		{1D504D9A-CE8D-4CB7-A6A3-D672E8BE01E3}.Release|Any CPU.Build.0 = Release|Any CPU
		{1489673B-A11A-4FF4-8C1D-040C83512BED}.Debug|Any CPU.ActiveCfg = Debug|Any CPU
		{1489673B-A11A-4FF4-8C1D-040C83512BED}.Debug|Any CPU.Build.0 = Debug|Any CPU
		{1489673B-A11A-4FF4-8C1D-040C83512BED}.Release|Any CPU.ActiveCfg = Release|Any CPU
		{1489673B-A11A-4FF4-8C1D-040C83512BED}.Release|Any CPU.Build.0 = Release|Any CPU
	EndGlobalSection
	GlobalSection(SolutionProperties) = preSolution
		HideSolutionNode = FALSE
	EndGlobalSection
	GlobalSection(ExtensibilityGlobals) = postSolution
		SolutionGuid = {675C32BF-EF86-4B44-81EE-73243B12FCAB}
	EndGlobalSection
EndGlobal
